
Microsoft Visual Studio Solution File, Format Version 12.00
# Visual Studio 15
VisualStudioVersion = 15.0.28010.2050
MinimumVisualStudioVersion = 10.0.40219.1
Project("{FAE04EC0-301F-11D3-BF4B-00C04F79EFBC}") = "AppVendedor.Android", "AppVendedor\AppVendedor.Android\AppVendedor.Android.csproj", "{2994CC8C-44D6-4507-85E0-EEA50F516C1E}"
EndProject
Project("{FAE04EC0-301F-11D3-BF4B-00C04F79EFBC}") = "AppVendedor.iOS", "AppVendedor\AppVendedor.iOS\AppVendedor.iOS.csproj", "{A4CBCB2A-0100-4666-911E-C9425F3827AB}"
EndProject
Project("{FAE04EC0-301F-11D3-BF4B-00C04F79EFBC}") = "AppVendedor", "AppVendedor\AppVendedor\AppVendedor.csproj", "{B2D153B7-C8D0-429E-ACC1-A02D633F8CBD}"
EndProject
Global
	GlobalSection(SolutionConfigurationPlatforms) = preSolution
		Ad-Hoc|Any CPU = Ad-Hoc|Any CPU
		Ad-Hoc|iPhone = Ad-Hoc|iPhone
		Ad-Hoc|iPhoneSimulator = Ad-Hoc|iPhoneSimulator
		AppStore|Any CPU = AppStore|Any CPU
		AppStore|iPhone = AppStore|iPhone
		AppStore|iPhoneSimulator = AppStore|iPhoneSimulator
		Debug|Any CPU = Debug|Any CPU
		Debug|iPhone = Debug|iPhone
		Debug|iPhoneSimulator = Debug|iPhoneSimulator
		Release|Any CPU = Release|Any CPU
		Release|iPhone = Release|iPhone
		Release|iPhoneSimulator = Release|iPhoneSimulator
	EndGlobalSection
	GlobalSection(ProjectConfigurationPlatforms) = postSolution
		{2994CC8C-44D6-4507-85E0-EEA50F516C1E}.Ad-Hoc|Any CPU.ActiveCfg = Release|Any CPU
		{2994CC8C-44D6-4507-85E0-EEA50F516C1E}.Ad-Hoc|Any CPU.Build.0 = Release|Any CPU
		{2994CC8C-44D6-4507-85E0-EEA50F516C1E}.Ad-Hoc|Any CPU.Deploy.0 = Release|Any CPU
		{2994CC8C-44D6-4507-85E0-EEA50F516C1E}.Ad-Hoc|iPhone.ActiveCfg = Release|Any CPU
		{2994CC8C-44D6-4507-85E0-EEA50F516C1E}.Ad-Hoc|iPhone.Build.0 = Release|Any CPU
		{2994CC8C-44D6-4507-85E0-EEA50F516C1E}.Ad-Hoc|iPhone.Deploy.0 = Release|Any CPU
		{2994CC8C-44D6-4507-85E0-EEA50F516C1E}.Ad-Hoc|iPhoneSimulator.ActiveCfg = Release|Any CPU
		{2994CC8C-44D6-4507-85E0-EEA50F516C1E}.Ad-Hoc|iPhoneSimulator.Build.0 = Release|Any CPU
		{2994CC8C-44D6-4507-85E0-EEA50F516C1E}.Ad-Hoc|iPhoneSimulator.Deploy.0 = Release|Any CPU
		{2994CC8C-44D6-4507-85E0-EEA50F516C1E}.AppStore|Any CPU.ActiveCfg = Release|Any CPU
		{2994CC8C-44D6-4507-85E0-EEA50F516C1E}.AppStore|Any CPU.Build.0 = Release|Any CPU
		{2994CC8C-44D6-4507-85E0-EEA50F516C1E}.AppStore|Any CPU.Deploy.0 = Release|Any CPU
		{2994CC8C-44D6-4507-85E0-EEA50F516C1E}.AppStore|iPhone.ActiveCfg = Release|Any CPU
		{2994CC8C-44D6-4507-85E0-EEA50F516C1E}.AppStore|iPhone.Build.0 = Release|Any CPU
		{2994CC8C-44D6-4507-85E0-EEA50F516C1E}.AppStore|iPhone.Deploy.0 = Release|Any CPU
		{2994CC8C-44D6-4507-85E0-EEA50F516C1E}.AppStore|iPhoneSimulator.ActiveCfg = Release|Any CPU
		{2994CC8C-44D6-4507-85E0-EEA50F516C1E}.AppStore|iPhoneSimulator.Build.0 = Release|Any CPU
		{2994CC8C-44D6-4507-85E0-EEA50F516C1E}.AppStore|iPhoneSimulator.Deploy.0 = Release|Any CPU
		{2994CC8C-44D6-4507-85E0-EEA50F516C1E}.Debug|Any CPU.ActiveCfg = Debug|Any CPU
		{2994CC8C-44D6-4507-85E0-EEA50F516C1E}.Debug|Any CPU.Build.0 = Debug|Any CPU
		{2994CC8C-44D6-4507-85E0-EEA50F516C1E}.Debug|Any CPU.Deploy.0 = Debug|Any CPU
		{2994CC8C-44D6-4507-85E0-EEA50F516C1E}.Debug|iPhone.ActiveCfg = Debug|Any CPU
		{2994CC8C-44D6-4507-85E0-EEA50F516C1E}.Debug|iPhone.Build.0 = Debug|Any CPU
		{2994CC8C-44D6-4507-85E0-EEA50F516C1E}.Debug|iPhone.Deploy.0 = Debug|Any CPU
		{2994CC8C-44D6-4507-85E0-EEA50F516C1E}.Debug|iPhoneSimulator.ActiveCfg = Debug|Any CPU
		{2994CC8C-44D6-4507-85E0-EEA50F516C1E}.Debug|iPhoneSimulator.Build.0 = Debug|Any CPU
		{2994CC8C-44D6-4507-85E0-EEA50F516C1E}.Debug|iPhoneSimulator.Deploy.0 = Debug|Any CPU
		{2994CC8C-44D6-4507-85E0-EEA50F516C1E}.Release|Any CPU.ActiveCfg = Release|Any CPU
		{2994CC8C-44D6-4507-85E0-EEA50F516C1E}.Release|Any CPU.Build.0 = Release|Any CPU
		{2994CC8C-44D6-4507-85E0-EEA50F516C1E}.Release|Any CPU.Deploy.0 = Release|Any CPU
		{2994CC8C-44D6-4507-85E0-EEA50F516C1E}.Release|iPhone.ActiveCfg = Release|Any CPU
		{2994CC8C-44D6-4507-85E0-EEA50F516C1E}.Release|iPhone.Build.0 = Release|Any CPU
		{2994CC8C-44D6-4507-85E0-EEA50F516C1E}.Release|iPhone.Deploy.0 = Release|Any CPU
		{2994CC8C-44D6-4507-85E0-EEA50F516C1E}.Release|iPhoneSimulator.ActiveCfg = Release|Any CPU
		{2994CC8C-44D6-4507-85E0-EEA50F516C1E}.Release|iPhoneSimulator.Build.0 = Release|Any CPU
		{2994CC8C-44D6-4507-85E0-EEA50F516C1E}.Release|iPhoneSimulator.Deploy.0 = Release|Any CPU
		{A4CBCB2A-0100-4666-911E-C9425F3827AB}.Ad-Hoc|Any CPU.ActiveCfg = Ad-Hoc|iPhone
		{A4CBCB2A-0100-4666-911E-C9425F3827AB}.Ad-Hoc|Any CPU.Build.0 = Ad-Hoc|iPhone
		{A4CBCB2A-0100-4666-911E-C9425F3827AB}.Ad-Hoc|Any CPU.Deploy.0 = Ad-Hoc|iPhone
		{A4CBCB2A-0100-4666-911E-C9425F3827AB}.Ad-Hoc|iPhone.ActiveCfg = Ad-Hoc|iPhone
		{A4CBCB2A-0100-4666-911E-C9425F3827AB}.Ad-Hoc|iPhone.Build.0 = Ad-Hoc|iPhone
		{A4CBCB2A-0100-4666-911E-C9425F3827AB}.Ad-Hoc|iPhone.Deploy.0 = Ad-Hoc|iPhone
		{A4CBCB2A-0100-4666-911E-C9425F3827AB}.Ad-Hoc|iPhoneSimulator.ActiveCfg = Ad-Hoc|iPhoneSimulator
		{A4CBCB2A-0100-4666-911E-C9425F3827AB}.Ad-Hoc|iPhoneSimulator.Build.0 = Ad-Hoc|iPhoneSimulator
		{A4CBCB2A-0100-4666-911E-C9425F3827AB}.Ad-Hoc|iPhoneSimulator.Deploy.0 = Ad-Hoc|iPhoneSimulator
		{A4CBCB2A-0100-4666-911E-C9425F3827AB}.AppStore|Any CPU.ActiveCfg = AppStore|iPhone
		{A4CBCB2A-0100-4666-911E-C9425F3827AB}.AppStore|Any CPU.Build.0 = AppStore|iPhone
		{A4CBCB2A-0100-4666-911E-C9425F3827AB}.AppStore|Any CPU.Deploy.0 = AppStore|iPhone
		{A4CBCB2A-0100-4666-911E-C9425F3827AB}.AppStore|iPhone.ActiveCfg = AppStore|iPhone
		{A4CBCB2A-0100-4666-911E-C9425F3827AB}.AppStore|iPhone.Build.0 = AppStore|iPhone
		{A4CBCB2A-0100-4666-911E-C9425F3827AB}.AppStore|iPhone.Deploy.0 = AppStore|iPhone
		{A4CBCB2A-0100-4666-911E-C9425F3827AB}.AppStore|iPhoneSimulator.ActiveCfg = AppStore|iPhoneSimulator
		{A4CBCB2A-0100-4666-911E-C9425F3827AB}.AppStore|iPhoneSimulator.Build.0 = AppStore|iPhoneSimulator
		{A4CBCB2A-0100-4666-911E-C9425F3827AB}.AppStore|iPhoneSimulator.Deploy.0 = AppStore|iPhoneSimulator
		{A4CBCB2A-0100-4666-911E-C9425F3827AB}.Debug|Any CPU.ActiveCfg = Debug|iPhoneSimulator
		{A4CBCB2A-0100-4666-911E-C9425F3827AB}.Debug|Any CPU.Build.0 = Debug|iPhoneSimulator
		{A4CBCB2A-0100-4666-911E-C9425F3827AB}.Debug|Any CPU.Deploy.0 = Debug|iPhoneSimulator
		{A4CBCB2A-0100-4666-911E-C9425F3827AB}.Debug|iPhone.ActiveCfg = Debug|iPhone
		{A4CBCB2A-0100-4666-911E-C9425F3827AB}.Debug|iPhone.Build.0 = Debug|iPhone
		{A4CBCB2A-0100-4666-911E-C9425F3827AB}.Debug|iPhone.Deploy.0 = Debug|iPhone
		{A4CBCB2A-0100-4666-911E-C9425F3827AB}.Debug|iPhoneSimulator.ActiveCfg = Debug|iPhoneSimulator
		{A4CBCB2A-0100-4666-911E-C9425F3827AB}.Debug|iPhoneSimulator.Build.0 = Debug|iPhoneSimulator
		{A4CBCB2A-0100-4666-911E-C9425F3827AB}.Debug|iPhoneSimulator.Deploy.0 = Debug|iPhoneSimulator
		{A4CBCB2A-0100-4666-911E-C9425F3827AB}.Release|Any CPU.ActiveCfg = Release|iPhone
		{A4CBCB2A-0100-4666-911E-C9425F3827AB}.Release|Any CPU.Build.0 = Release|iPhone
		{A4CBCB2A-0100-4666-911E-C9425F3827AB}.Release|Any CPU.Deploy.0 = Release|iPhone
		{A4CBCB2A-0100-4666-911E-C9425F3827AB}.Release|iPhone.ActiveCfg = Release|iPhone
		{A4CBCB2A-0100-4666-911E-C9425F3827AB}.Release|iPhone.Build.0 = Release|iPhone
		{A4CBCB2A-0100-4666-911E-C9425F3827AB}.Release|iPhone.Deploy.0 = Release|iPhone
		{A4CBCB2A-0100-4666-911E-C9425F3827AB}.Release|iPhoneSimulator.ActiveCfg = Release|iPhoneSimulator
		{A4CBCB2A-0100-4666-911E-C9425F3827AB}.Release|iPhoneSimulator.Build.0 = Release|iPhoneSimulator
		{A4CBCB2A-0100-4666-911E-C9425F3827AB}.Release|iPhoneSimulator.Deploy.0 = Release|iPhoneSimulator
		{B2D153B7-C8D0-429E-ACC1-A02D633F8CBD}.Ad-Hoc|Any CPU.ActiveCfg = Debug|Any CPU
		{B2D153B7-C8D0-429E-ACC1-A02D633F8CBD}.Ad-Hoc|Any CPU.Build.0 = Debug|Any CPU
		{B2D153B7-C8D0-429E-ACC1-A02D633F8CBD}.Ad-Hoc|Any CPU.Deploy.0 = Debug|Any CPU
		{B2D153B7-C8D0-429E-ACC1-A02D633F8CBD}.Ad-Hoc|iPhone.ActiveCfg = Debug|Any CPU
		{B2D153B7-C8D0-429E-ACC1-A02D633F8CBD}.Ad-Hoc|iPhone.Build.0 = Debug|Any CPU
		{B2D153B7-C8D0-429E-ACC1-A02D633F8CBD}.Ad-Hoc|iPhone.Deploy.0 = Debug|Any CPU
		{B2D153B7-C8D0-429E-ACC1-A02D633F8CBD}.Ad-Hoc|iPhoneSimulator.ActiveCfg = Debug|Any CPU
		{B2D153B7-C8D0-429E-ACC1-A02D633F8CBD}.Ad-Hoc|iPhoneSimulator.Build.0 = Debug|Any CPU
		{B2D153B7-C8D0-429E-ACC1-A02D633F8CBD}.Ad-Hoc|iPhoneSimulator.Deploy.0 = Debug|Any CPU
		{B2D153B7-C8D0-429E-ACC1-A02D633F8CBD}.AppStore|Any CPU.ActiveCfg = Debug|Any CPU
		{B2D153B7-C8D0-429E-ACC1-A02D633F8CBD}.AppStore|Any CPU.Build.0 = Debug|Any CPU
		{B2D153B7-C8D0-429E-ACC1-A02D633F8CBD}.AppStore|Any CPU.Deploy.0 = Debug|Any CPU
		{B2D153B7-C8D0-429E-ACC1-A02D633F8CBD}.AppStore|iPhone.ActiveCfg = Debug|Any CPU
		{B2D153B7-C8D0-429E-ACC1-A02D633F8CBD}.AppStore|iPhone.Build.0 = Debug|Any CPU
		{B2D153B7-C8D0-429E-ACC1-A02D633F8CBD}.AppStore|iPhone.Deploy.0 = Debug|Any CPU
		{B2D153B7-C8D0-429E-ACC1-A02D633F8CBD}.AppStore|iPhoneSimulator.ActiveCfg = Debug|Any CPU
		{B2D153B7-C8D0-429E-ACC1-A02D633F8CBD}.AppStore|iPhoneSimulator.Build.0 = Debug|Any CPU
		{B2D153B7-C8D0-429E-ACC1-A02D633F8CBD}.AppStore|iPhoneSimulator.Deploy.0 = Debug|Any CPU
		{B2D153B7-C8D0-429E-ACC1-A02D633F8CBD}.Debug|Any CPU.ActiveCfg = Debug|Any CPU
		{B2D153B7-C8D0-429E-ACC1-A02D633F8CBD}.Debug|Any CPU.Build.0 = Debug|Any CPU
		{B2D153B7-C8D0-429E-ACC1-A02D633F8CBD}.Debug|Any CPU.Deploy.0 = Debug|Any CPU
		{B2D153B7-C8D0-429E-ACC1-A02D633F8CBD}.Debug|iPhone.ActiveCfg = Debug|Any CPU
		{B2D153B7-C8D0-429E-ACC1-A02D633F8CBD}.Debug|iPhone.Build.0 = Debug|Any CPU
		{B2D153B7-C8D0-429E-ACC1-A02D633F8CBD}.Debug|iPhone.Deploy.0 = Debug|Any CPU
		{B2D153B7-C8D0-429E-ACC1-A02D633F8CBD}.Debug|iPhoneSimulator.ActiveCfg = Debug|Any CPU
		{B2D153B7-C8D0-429E-ACC1-A02D633F8CBD}.Debug|iPhoneSimulator.Build.0 = Debug|Any CPU
		{B2D153B7-C8D0-429E-ACC1-A02D633F8CBD}.Debug|iPhoneSimulator.Deploy.0 = Debug|Any CPU
		{B2D153B7-C8D0-429E-ACC1-A02D633F8CBD}.Release|Any CPU.ActiveCfg = Release|Any CPU
		{B2D153B7-C8D0-429E-ACC1-A02D633F8CBD}.Release|Any CPU.Build.0 = Release|Any CPU
		{B2D153B7-C8D0-429E-ACC1-A02D633F8CBD}.Release|Any CPU.Deploy.0 = Release|Any CPU
		{B2D153B7-C8D0-429E-ACC1-A02D633F8CBD}.Release|iPhone.ActiveCfg = Release|Any CPU
		{B2D153B7-C8D0-429E-ACC1-A02D633F8CBD}.Release|iPhone.Build.0 = Release|Any CPU
		{B2D153B7-C8D0-429E-ACC1-A02D633F8CBD}.Release|iPhone.Deploy.0 = Release|Any CPU
		{B2D153B7-C8D0-429E-ACC1-A02D633F8CBD}.Release|iPhoneSimulator.ActiveCfg = Release|Any CPU
		{B2D153B7-C8D0-429E-ACC1-A02D633F8CBD}.Release|iPhoneSimulator.Build.0 = Release|Any CPU
		{B2D153B7-C8D0-429E-ACC1-A02D633F8CBD}.Release|iPhoneSimulator.Deploy.0 = Release|Any CPU
	EndGlobalSection
	GlobalSection(SolutionProperties) = preSolution
		HideSolutionNode = FALSE
	EndGlobalSection
	GlobalSection(ExtensibilityGlobals) = postSolution
		SolutionGuid = {39B07CAA-2180-4BB7-9291-69E9F80B2326}
	EndGlobalSection
EndGlobal
